
Microsoft Visual Studio Solution File, Format Version 12.00
# Visual Studio Version 17
VisualStudioVersion = 17.2.32630.192
MinimumVisualStudioVersion = 10.0.40219.1
Project("{FAE04EC0-301F-11D3-BF4B-00C04F79EFBC}") = "ECommerce.API.Products", "ECommerce.API.Products\ECommerce.API.Products.csproj", "{464D6BFB-4351-44E8-AD1B-E309A68B3961}"
EndProject
Project("{FAE04EC0-301F-11D3-BF4B-00C04F79EFBC}") = "ECommerce.API.Customers", "ECommerce.API.Customers\ECommerce.API.Customers.csproj", "{B0E2B51B-4DFA-44DE-98AD-35B51FFE39E3}"
EndProject
Project("{FAE04EC0-301F-11D3-BF4B-00C04F79EFBC}") = "ECommerce.API.Orders", "ECommerce.API.Orders\ECommerce.API.Orders.csproj", "{8C4F4A4C-9BBD-41DA-817B-40EFF3398E14}"
EndProject
Project("{FAE04EC0-301F-11D3-BF4B-00C04F79EFBC}") = "ECommerce.API.Search", "ECommerce.API.Search\ECommerce.API.Search.csproj", "{5242F80D-D7E3-4DBD-8DD1-5F1780DDEDDA}"
EndProject
Project("{FAE04EC0-301F-11D3-BF4B-00C04F79EFBC}") = "ECommerce.Products.API.Test", "ECommerce.Products.API.Test\ECommerce.Products.API.Test.csproj", "{A2E8FC76-A189-44E0-B7E0-DDCA45B29F68}"
EndProject
Global
	GlobalSection(SolutionConfigurationPlatforms) = preSolution
		Debug|Any CPU = Debug|Any CPU
		Release|Any CPU = Release|Any CPU
	EndGlobalSection
	GlobalSection(ProjectConfigurationPlatforms) = postSolution
		{464D6BFB-4351-44E8-AD1B-E309A68B3961}.Debug|Any CPU.ActiveCfg = Debug|Any CPU
		{464D6BFB-4351-44E8-AD1B-E309A68B3961}.Debug|Any CPU.Build.0 = Debug|Any CPU
		{464D6BFB-4351-44E8-AD1B-E309A68B3961}.Release|Any CPU.ActiveCfg = Release|Any CPU
		{464D6BFB-4351-44E8-AD1B-E309A68B3961}.Release|Any CPU.Build.0 = Release|Any CPU
		{B0E2B51B-4DFA-44DE-98AD-35B51FFE39E3}.Debug|Any CPU.ActiveCfg = Debug|Any CPU
		{B0E2B51B-4DFA-44DE-98AD-35B51FFE39E3}.Debug|Any CPU.Build.0 = Debug|Any CPU
		{B0E2B51B-4DFA-44DE-98AD-35B51FFE39E3}.Release|Any CPU.ActiveCfg = Release|Any CPU
		{B0E2B51B-4DFA-44DE-98AD-35B51FFE39E3}.Release|Any CPU.Build.0 = Release|Any CPU
		{8C4F4A4C-9BBD-41DA-817B-40EFF3398E14}.Debug|Any CPU.ActiveCfg = Debug|Any CPU
		{8C4F4A4C-9BBD-41DA-817B-40EFF3398E14}.Debug|Any CPU.Build.0 = Debug|Any CPU
		{8C4F4A4C-9BBD-41DA-817B-40EFF3398E14}.Release|Any CPU.ActiveCfg = Release|Any CPU
		{8C4F4A4C-9BBD-41DA-817B-40EFF3398E14}.Release|Any CPU.Build.0 = Release|Any CPU
		{5242F80D-D7E3-4DBD-8DD1-5F1780DDEDDA}.Debug|Any CPU.ActiveCfg = Debug|Any CPU
		{5242F80D-D7E3-4DBD-8DD1-5F1780DDEDDA}.Debug|Any CPU.Build.0 = Debug|Any CPU
		{5242F80D-D7E3-4DBD-8DD1-5F1780DDEDDA}.Release|Any CPU.ActiveCfg = Release|Any CPU
		{5242F80D-D7E3-4DBD-8DD1-5F1780DDEDDA}.Release|Any CPU.Build.0 = Release|Any CPU
		{A2E8FC76-A189-44E0-B7E0-DDCA45B29F68}.Debug|Any CPU.ActiveCfg = Debug|Any CPU
		{A2E8FC76-A189-44E0-B7E0-DDCA45B29F68}.Debug|Any CPU.Build.0 = Debug|Any CPU
		{A2E8FC76-A189-44E0-B7E0-DDCA45B29F68}.Release|Any CPU.ActiveCfg = Release|Any CPU
		{A2E8FC76-A189-44E0-B7E0-DDCA45B29F68}.Release|Any CPU.Build.0 = Release|Any CPU
	EndGlobalSection
	GlobalSection(SolutionProperties) = preSolution
		HideSolutionNode = FALSE
	EndGlobalSection
	GlobalSection(ExtensibilityGlobals) = postSolution
		SolutionGuid = {3EBAC017-23AE-4F2C-BE1C-F58A783FBEAC}
	EndGlobalSection
EndGlobal
